{
  "requires": true,
  "lockfileVersion": 1,
  "dependencies": {
    "nan": {
      "version": "2.8.0",
      "resolved": "https://registry.npmjs.org/nan/-/nan-2.8.0.tgz",
      "integrity": "sha1-7XFfP+neArV6XmJS2QqWZ14fCFo="
    },
    "readline-sync": {
      "version": "1.4.7",
      "resolved": "https://registry.npmjs.org/readline-sync/-/readline-sync-1.4.7.tgz",
      "integrity": "sha1-ABv91MBhEMPAhMY798alYCIhPzA="
    },
    "sleep": {
      "version": "5.1.1",
      "resolved": "https://registry.npmjs.org/sleep/-/sleep-5.1.1.tgz",
      "integrity": "sha1-h4+h1E0I7rDyb7IBjvhinrGjq5Q=",
      "requires": {
        "nan": "2.8.0"
      }
    }
  }
}
